// !$*UTF8*$!
{
	archiveVersion = 1;
	classes = {
	};
	objectVersion = 55;
	objects = {

/* Begin PBXBuildFile section */
		153FA093279821180087D6F9 /* Songs.xcdatamodeld in Sources */ = {isa = PBXBuildFile; fileRef = 153FA091279821180087D6F9 /* Songs.xcdatamodeld */; };
		153FA0962798236D0087D6F9 /* TabBar.swift in Sources */ = {isa = PBXBuildFile; fileRef = 153FA0952798236D0087D6F9 /* TabBar.swift */; };
		153FA0992798241D0087D6F9 /* SongsView.swift in Sources */ = {isa = PBXBuildFile; fileRef = 153FA0982798241D0087D6F9 /* SongsView.swift */; };
		153FA09C279824760087D6F9 /* SongDetailView.swift in Sources */ = {isa = PBXBuildFile; fileRef = 153FA09B279824760087D6F9 /* SongDetailView.swift */; };
		153FA09F2798249E0087D6F9 /* FavoritesView.swift in Sources */ = {isa = PBXBuildFile; fileRef = 153FA09E2798249E0087D6F9 /* FavoritesView.swift */; };
		153FA0A22798285D0087D6F9 /* AddSongView.swift in Sources */ = {isa = PBXBuildFile; fileRef = 153FA0A12798285D0087D6F9 /* AddSongView.swift */; };
		153FA0A42798287E0087D6F9 /* AddArtistView.swift in Sources */ = {isa = PBXBuildFile; fileRef = 153FA0A32798287E0087D6F9 /* AddArtistView.swift */; };
		153FA0A627982DEB0087D6F9 /* RatingView.swift in Sources */ = {isa = PBXBuildFile; fileRef = 153FA0A527982DEB0087D6F9 /* RatingView.swift */; };
		153FA0A8279844AC0087D6F9 /* SongsViewModel.swift in Sources */ = {isa = PBXBuildFile; fileRef = 153FA0A7279844AC0087D6F9 /* SongsViewModel.swift */; };
		153FA0AA2798473A0087D6F9 /* AddSongViewModel.swift in Sources */ = {isa = PBXBuildFile; fileRef = 153FA0A92798473A0087D6F9 /* AddSongViewModel.swift */; };
		153FA0AD27986A030087D6F9 /* ArtistsView.swift in Sources */ = {isa = PBXBuildFile; fileRef = 153FA0AC27986A030087D6F9 /* ArtistsView.swift */; };
		153FA0AF27986A170087D6F9 /* ArtistsViewModel.swift in Sources */ = {isa = PBXBuildFile; fileRef = 153FA0AE27986A170087D6F9 /* ArtistsViewModel.swift */; };
		153FA0B227986A480087D6F9 /* AddArtistViewModel.swift in Sources */ = {isa = PBXBuildFile; fileRef = 153FA0B127986A480087D6F9 /* AddArtistViewModel.swift */; };
		153FA0B4279873850087D6F9 /* FavoritesViewModel.swift in Sources */ = {isa = PBXBuildFile; fileRef = 153FA0B3279873850087D6F9 /* FavoritesViewModel.swift */; };
		153FA0B6279876E60087D6F9 /* SongDetailViewModel.swift in Sources */ = {isa = PBXBuildFile; fileRef = 153FA0B5279876E60087D6F9 /* SongDetailViewModel.swift */; };
		157F24BD279819840092EBCC /* SongsApp.swift in Sources */ = {isa = PBXBuildFile; fileRef = 157F24BC279819840092EBCC /* SongsApp.swift */; };
		157F24BF279819840092EBCC /* ContentView.swift in Sources */ = {isa = PBXBuildFile; fileRef = 157F24BE279819840092EBCC /* ContentView.swift */; };
		157F24C1279819860092EBCC /* Assets.xcassets in Resources */ = {isa = PBXBuildFile; fileRef = 157F24C0279819860092EBCC /* Assets.xcassets */; };
		157F24C4279819860092EBCC /* Preview Assets.xcassets in Resources */ = {isa = PBXBuildFile; fileRef = 157F24C3279819860092EBCC /* Preview Assets.xcassets */; };
		157F24C6279819860092EBCC /* DBManager.swift in Sources */ = {isa = PBXBuildFile; fileRef = 157F24C5279819860092EBCC /* DBManager.swift */; };
/* End PBXBuildFile section */

/* Begin PBXFileReference section */
		153FA092279821180087D6F9 /* Songs.xcdatamodel */ = {isa = PBXFileReference; lastKnownFileType = wrapper.xcdatamodel; path = Songs.xcdatamodel; sourceTree = "<group>"; };
		153FA0952798236D0087D6F9 /* TabBar.swift */ = {isa = PBXFileReference; lastKnownFileType = sourcecode.swift; path = TabBar.swift; sourceTree = "<group>"; };
		153FA0982798241D0087D6F9 /* SongsView.swift */ = {isa = PBXFileReference; lastKnownFileType = sourcecode.swift; path = SongsView.swift; sourceTree = "<group>"; };
		153FA09B279824760087D6F9 /* SongDetailView.swift */ = {isa = PBXFileReference; lastKnownFileType = sourcecode.swift; path = SongDetailView.swift; sourceTree = "<group>"; };
		153FA09E2798249E0087D6F9 /* FavoritesView.swift */ = {isa = PBXFileReference; lastKnownFileType = sourcecode.swift; path = FavoritesView.swift; sourceTree = "<group>"; };
		153FA0A12798285D0087D6F9 /* AddSongView.swift */ = {isa = PBXFileReference; lastKnownFileType = sourcecode.swift; path = AddSongView.swift; sourceTree = "<group>"; };
		153FA0A32798287E0087D6F9 /* AddArtistView.swift */ = {isa = PBXFileReference; lastKnownFileType = sourcecode.swift; path = AddArtistView.swift; sourceTree = "<group>"; };
		153FA0A527982DEB0087D6F9 /* RatingView.swift */ = {isa = PBXFileReference; lastKnownFileType = sourcecode.swift; path = RatingView.swift; sourceTree = "<group>"; };
		153FA0A7279844AC0087D6F9 /* SongsViewModel.swift */ = {isa = PBXFileReference; lastKnownFileType = sourcecode.swift; path = SongsViewModel.swift; sourceTree = "<group>"; };
		153FA0A92798473A0087D6F9 /* AddSongViewModel.swift */ = {isa = PBXFileReference; lastKnownFileType = sourcecode.swift; path = AddSongViewModel.swift; sourceTree = "<group>"; };
		153FA0AC27986A030087D6F9 /* ArtistsView.swift */ = {isa = PBXFileReference; lastKnownFileType = sourcecode.swift; path = ArtistsView.swift; sourceTree = "<group>"; };
		153FA0AE27986A170087D6F9 /* ArtistsViewModel.swift */ = {isa = PBXFileReference; lastKnownFileType = sourcecode.swift; path = ArtistsViewModel.swift; sourceTree = "<group>"; };
		153FA0B127986A480087D6F9 /* AddArtistViewModel.swift */ = {isa = PBXFileReference; lastKnownFileType = sourcecode.swift; path = AddArtistViewModel.swift; sourceTree = "<group>"; };
		153FA0B3279873850087D6F9 /* FavoritesViewModel.swift */ = {isa = PBXFileReference; lastKnownFileType = sourcecode.swift; path = FavoritesViewModel.swift; sourceTree = "<group>"; };
		153FA0B5279876E60087D6F9 /* SongDetailViewModel.swift */ = {isa = PBXFileReference; lastKnownFileType = sourcecode.swift; path = SongDetailViewModel.swift; sourceTree = "<group>"; };
		157F24B9279819840092EBCC /* Songs.app */ = {isa = PBXFileReference; explicitFileType = wrapper.application; includeInIndex = 0; path = Songs.app; sourceTree = BUILT_PRODUCTS_DIR; };
		157F24BC279819840092EBCC /* SongsApp.swift */ = {isa = PBXFileReference; lastKnownFileType = sourcecode.swift; path = SongsApp.swift; sourceTree = "<group>"; };
		157F24BE279819840092EBCC /* ContentView.swift */ = {isa = PBXFileReference; lastKnownFileType = sourcecode.swift; path = ContentView.swift; sourceTree = "<group>"; };
		157F24C0279819860092EBCC /* Assets.xcassets */ = {isa = PBXFileReference; lastKnownFileType = folder.assetcatalog; path = Assets.xcassets; sourceTree = "<group>"; };
		157F24C3279819860092EBCC /* Preview Assets.xcassets */ = {isa = PBXFileReference; lastKnownFileType = folder.assetcatalog; path = "Preview Assets.xcassets"; sourceTree = "<group>"; };
		157F24C5279819860092EBCC /* DBManager.swift */ = {isa = PBXFileReference; lastKnownFileType = sourcecode.swift; path = DBManager.swift; sourceTree = "<group>"; };
/* End PBXFileReference section */

/* Begin PBXFrameworksBuildPhase section */
		157F24B6279819840092EBCC /* Frameworks */ = {
			isa = PBXFrameworksBuildPhase;
			buildActionMask = 2147483647;
			files = (
			);
			runOnlyForDeploymentPostprocessing = 0;
		};
/* End PBXFrameworksBuildPhase section */

/* Begin PBXGroup section */
		153FA094279822CD0087D6F9 /* Managers */ = {
			isa = PBXGroup;
			children = (
				157F24C5279819860092EBCC /* DBManager.swift */,
			);
			path = Managers;
			sourceTree = "<group>";
		};
		153FA0972798240A0087D6F9 /* Songs */ = {
			isa = PBXGroup;
			children = (
				153FA0A02798284C0087D6F9 /* Add */,
				153FA0982798241D0087D6F9 /* SongsView.swift */,
				153FA0A7279844AC0087D6F9 /* SongsViewModel.swift */,
			);
			path = Songs;
			sourceTree = "<group>";
		};
		153FA09A2798245F0087D6F9 /* SongDetail */ = {
			isa = PBXGroup;
			children = (
				153FA09B279824760087D6F9 /* SongDetailView.swift */,
				153FA0B5279876E60087D6F9 /* SongDetailViewModel.swift */,
			);
			path = SongDetail;
			sourceTree = "<group>";
		};
		153FA09D279824880087D6F9 /* Favorites */ = {
			isa = PBXGroup;
			children = (
				153FA09E2798249E0087D6F9 /* FavoritesView.swift */,
				153FA0B3279873850087D6F9 /* FavoritesViewModel.swift */,
			);
			path = Favorites;
			sourceTree = "<group>";
		};
		153FA0A02798284C0087D6F9 /* Add */ = {
			isa = PBXGroup;
			children = (
				153FA0A12798285D0087D6F9 /* AddSongView.swift */,
				153FA0A92798473A0087D6F9 /* AddSongViewModel.swift */,
				153FA0A527982DEB0087D6F9 /* RatingView.swift */,
			);
			path = Add;
			sourceTree = "<group>";
		};
		153FA0AB279869F00087D6F9 /* Artists */ = {
			isa = PBXGroup;
			children = (
				153FA0B027986A2D0087D6F9 /* Add */,
				153FA0AC27986A030087D6F9 /* ArtistsView.swift */,
				153FA0AE27986A170087D6F9 /* ArtistsViewModel.swift */,
			);
			path = Artists;
			sourceTree = "<group>";
		};
		153FA0B027986A2D0087D6F9 /* Add */ = {
			isa = PBXGroup;
			children = (
				153FA0A32798287E0087D6F9 /* AddArtistView.swift */,
				153FA0B127986A480087D6F9 /* AddArtistViewModel.swift */,
			);
			path = Add;
			sourceTree = "<group>";
		};
		157F24B0279819830092EBCC = {
			isa = PBXGroup;
			children = (
				157F24BB279819840092EBCC /* Songs */,
				157F24BA279819840092EBCC /* Products */,
			);
			sourceTree = "<group>";
		};
		157F24BA279819840092EBCC /* Products */ = {
			isa = PBXGroup;
			children = (
				157F24B9279819840092EBCC /* Songs.app */,
			);
			name = Products;
			sourceTree = "<group>";
		};
		157F24BB279819840092EBCC /* Songs */ = {
			isa = PBXGroup;
			children = (
				153FA0AB279869F00087D6F9 /* Artists */,
				153FA09D279824880087D6F9 /* Favorites */,
				153FA09A2798245F0087D6F9 /* SongDetail */,
				153FA0972798240A0087D6F9 /* Songs */,
				153FA094279822CD0087D6F9 /* Managers */,
				157F24D127981C6B0092EBCC /* Models */,
				157F24D027981C3D0092EBCC /* Main */,
				157F24CF27981C280092EBCC /* Resources */,
				157F24BE279819840092EBCC /* ContentView.swift */,
				157F24C2279819860092EBCC /* Preview Content */,
			);
			path = Songs;
			sourceTree = "<group>";
		};
		157F24C2279819860092EBCC /* Preview Content */ = {
			isa = PBXGroup;
			children = (
				157F24C3279819860092EBCC /* Preview Assets.xcassets */,
			);
			path = "Preview Content";
			sourceTree = "<group>";
		};
		157F24CF27981C280092EBCC /* Resources */ = {
			isa = PBXGroup;
			children = (
				157F24C0279819860092EBCC /* Assets.xcassets */,
			);
			path = Resources;
			sourceTree = "<group>";
		};
		157F24D027981C3D0092EBCC /* Main */ = {
			isa = PBXGroup;
			children = (
				153FA0952798236D0087D6F9 /* TabBar.swift */,
				157F24BC279819840092EBCC /* SongsApp.swift */,
			);
			path = Main;
			sourceTree = "<group>";
		};
		157F24D127981C6B0092EBCC /* Models */ = {
			isa = PBXGroup;
			children = (
				153FA091279821180087D6F9 /* Songs.xcdatamodeld */,
			);
			path = Models;
			sourceTree = "<group>";
		};
/* End PBXGroup section */

/* Begin PBXNativeTarget section */
		157F24B8279819840092EBCC /* Songs */ = {
			isa = PBXNativeTarget;
			buildConfigurationList = 157F24CC279819860092EBCC /* Build configuration list for PBXNativeTarget "Songs" */;
			buildPhases = (
				157F24B5279819840092EBCC /* Sources */,
				157F24B6279819840092EBCC /* Frameworks */,
				157F24B7279819840092EBCC /* Resources */,
			);
			buildRules = (
			);
			dependencies = (
			);
			name = Songs;
			productName = Songs;
			productReference = 157F24B9279819840092EBCC /* Songs.app */;
			productType = "com.apple.product-type.application";
		};
/* End PBXNativeTarget section */

/* Begin PBXProject section */
		157F24B1279819830092EBCC /* Project object */ = {
			isa = PBXProject;
			attributes = {
				BuildIndependentTargetsInParallel = 1;
				LastSwiftUpdateCheck = 1310;
				LastUpgradeCheck = 1310;
				TargetAttributes = {
					157F24B8279819840092EBCC = {
						CreatedOnToolsVersion = 13.1;
					};
				};
			};
			buildConfigurationList = 157F24B4279819830092EBCC /* Build configuration list for PBXProject "Songs" */;
			compatibilityVersion = "Xcode 13.0";
			developmentRegion = en;
			hasScannedForEncodings = 0;
			knownRegions = (
				en,
				Base,
			);
			mainGroup = 157F24B0279819830092EBCC;
			productRefGroup = 157F24BA279819840092EBCC /* Products */;
			projectDirPath = "";
			projectRoot = "";
			targets = (
				157F24B8279819840092EBCC /* Songs */,
			);
		};
/* End PBXProject section */

/* Begin PBXResourcesBuildPhase section */
		157F24B7279819840092EBCC /* Resources */ = {
			isa = PBXResourcesBuildPhase;
			buildActionMask = 2147483647;
			files = (
				157F24C4279819860092EBCC /* Preview Assets.xcassets in Resources */,
				157F24C1279819860092EBCC /* Assets.xcassets in Resources */,
			);
			runOnlyForDeploymentPostprocessing = 0;
		};
/* End PBXResourcesBuildPhase section */

/* Begin PBXSourcesBuildPhase section */
		157F24B5279819840092EBCC /* Sources */ = {
			isa = PBXSourcesBuildPhase;
			buildActionMask = 2147483647;
			files = (
				153FA0A627982DEB0087D6F9 /* RatingView.swift in Sources */,
				153FA0AD27986A030087D6F9 /* ArtistsView.swift in Sources */,
				153FA0AF27986A170087D6F9 /* ArtistsViewModel.swift in Sources */,
				153FA09C279824760087D6F9 /* SongDetailView.swift in Sources */,
				153FA093279821180087D6F9 /* Songs.xcdatamodeld in Sources */,
				153FA0AA2798473A0087D6F9 /* AddSongViewModel.swift in Sources */,
				153FA0992798241D0087D6F9 /* SongsView.swift in Sources */,
				153FA0B4279873850087D6F9 /* FavoritesViewModel.swift in Sources */,
				153FA0B227986A480087D6F9 /* AddArtistViewModel.swift in Sources */,
				153FA0A42798287E0087D6F9 /* AddArtistView.swift in Sources */,
				157F24C6279819860092EBCC /* DBManager.swift in Sources */,
				153FA09F2798249E0087D6F9 /* FavoritesView.swift in Sources */,
				153FA0B6279876E60087D6F9 /* SongDetailViewModel.swift in Sources */,
				157F24BF279819840092EBCC /* ContentView.swift in Sources */,
				157F24BD279819840092EBCC /* SongsApp.swift in Sources */,
				153FA0A8279844AC0087D6F9 /* SongsViewModel.swift in Sources */,
				153FA0962798236D0087D6F9 /* TabBar.swift in Sources */,
				153FA0A22798285D0087D6F9 /* AddSongView.swift in Sources */,
			);
			runOnlyForDeploymentPostprocessing = 0;
		};
/* End PBXSourcesBuildPhase section */

/* Begin XCBuildConfiguration section */
		157F24CA279819860092EBCC /* Debug */ = {
			isa = XCBuildConfiguration;
			buildSettings = {
				ALWAYS_SEARCH_USER_PATHS = NO;
				CLANG_ANALYZER_NONNULL = YES;
				CLANG_ANALYZER_NUMBER_OBJECT_CONVERSION = YES_AGGRESSIVE;
				CLANG_CXX_LANGUAGE_STANDARD = "gnu++17";
				CLANG_CXX_LIBRARY = "libc++";
				CLANG_ENABLE_MODULES = YES;
				CLANG_ENABLE_OBJC_ARC = YES;
				CLANG_ENABLE_OBJC_WEAK = YES;
				CLANG_WARN_BLOCK_CAPTURE_AUTORELEASING = YES;
				CLANG_WARN_BOOL_CONVERSION = YES;
				CLANG_WARN_COMMA = YES;
				CLANG_WARN_CONSTANT_CONVERSION = YES;
				CLANG_WARN_DEPRECATED_OBJC_IMPLEMENTATIONS = YES;
				CLANG_WARN_DIRECT_OBJC_ISA_USAGE = YES_ERROR;
				CLANG_WARN_DOCUMENTATION_COMMENTS = YES;
				CLANG_WARN_EMPTY_BODY = YES;
				CLANG_WARN_ENUM_CONVERSION = YES;
				CLANG_WARN_INFINITE_RECURSION = YES;
				CLANG_WARN_INT_CONVERSION = YES;
				CLANG_WARN_NON_LITERAL_NULL_CONVERSION = YES;
				CLANG_WARN_OBJC_IMPLICIT_RETAIN_SELF = YES;
				CLANG_WARN_OBJC_LITERAL_CONVERSION = YES;
				CLANG_WARN_OBJC_ROOT_CLASS = YES_ERROR;
				CLANG_WARN_QUOTED_INCLUDE_IN_FRAMEWORK_HEADER = YES;
				CLANG_WARN_RANGE_LOOP_ANALYSIS = YES;
				CLANG_WARN_STRICT_PROTOTYPES = YES;
				CLANG_WARN_SUSPICIOUS_MOVE = YES;
				CLANG_WARN_UNGUARDED_AVAILABILITY = YES_AGGRESSIVE;
				CLANG_WARN_UNREACHABLE_CODE = YES;
				CLANG_WARN__DUPLICATE_METHOD_MATCH = YES;
				COPY_PHASE_STRIP = NO;
				DEBUG_INFORMATION_FORMAT = dwarf;
				ENABLE_STRICT_OBJC_MSGSEND = YES;
				ENABLE_TESTABILITY = YES;
				GCC_C_LANGUAGE_STANDARD = gnu11;
				GCC_DYNAMIC_NO_PIC = NO;
				GCC_NO_COMMON_BLOCKS = YES;
				GCC_OPTIMIZATION_LEVEL = 0;
				GCC_PREPROCESSOR_DEFINITIONS = (
					"DEBUG=1",
					"$(inherited)",
				);
				GCC_WARN_64_TO_32_BIT_CONVERSION = YES;
				GCC_WARN_ABOUT_RETURN_TYPE = YES_ERROR;
				GCC_WARN_UNDECLARED_SELECTOR = YES;
				GCC_WARN_UNINITIALIZED_AUTOS = YES_AGGRESSIVE;
				GCC_WARN_UNUSED_FUNCTION = YES;
				GCC_WARN_UNUSED_VARIABLE = YES;
				IPHONEOS_DEPLOYMENT_TARGET = 15.0;
				MTL_ENABLE_DEBUG_INFO = INCLUDE_SOURCE;
				MTL_FAST_MATH = YES;
				ONLY_ACTIVE_ARCH = YES;
				SDKROOT = iphoneos;
				SWIFT_ACTIVE_COMPILATION_CONDITIONS = DEBUG;
				SWIFT_OPTIMIZATION_LEVEL = "-Onone";
			};
			name = Debug;
		};
		157F24CB279819860092EBCC /* Release */ = {
			isa = XCBuildConfiguration;
			buildSettings = {
				ALWAYS_SEARCH_USER_PATHS = NO;
				CLANG_ANALYZER_NONNULL = YES;
				CLANG_ANALYZER_NUMBER_OBJECT_CONVERSION = YES_AGGRESSIVE;
				CLANG_CXX_LANGUAGE_STANDARD = "gnu++17";
				CLANG_CXX_LIBRARY = "libc++";
				CLANG_ENABLE_MODULES = YES;
				CLANG_ENABLE_OBJC_ARC = YES;
				CLANG_ENABLE_OBJC_WEAK = YES;
				CLANG_WARN_BLOCK_CAPTURE_AUTORELEASING = YES;
				CLANG_WARN_BOOL_CONVERSION = YES;
				CLANG_WARN_COMMA = YES;
				CLANG_WARN_CONSTANT_CONVERSION = YES;
				CLANG_WARN_DEPRECATED_OBJC_IMPLEMENTATIONS = YES;
				CLANG_WARN_DIRECT_OBJC_ISA_USAGE = YES_ERROR;
				CLANG_WARN_DOCUMENTATION_COMMENTS = YES;
				CLANG_WARN_EMPTY_BODY = YES;
				CLANG_WARN_ENUM_CONVERSION = YES;
				CLANG_WARN_INFINITE_RECURSION = YES;
				CLANG_WARN_INT_CONVERSION = YES;
				CLANG_WARN_NON_LITERAL_NULL_CONVERSION = YES;
				CLANG_WARN_OBJC_IMPLICIT_RETAIN_SELF = YES;
				CLANG_WARN_OBJC_LITERAL_CONVERSION = YES;
				CLANG_WARN_OBJC_ROOT_CLASS = YES_ERROR;
				CLANG_WARN_QUOTED_INCLUDE_IN_FRAMEWORK_HEADER = YES;
				CLANG_WARN_RANGE_LOOP_ANALYSIS = YES;
				CLANG_WARN_STRICT_PROTOTYPES = YES;
				CLANG_WARN_SUSPICIOUS_MOVE = YES;
				CLANG_WARN_UNGUARDED_AVAILABILITY = YES_AGGRESSIVE;
				CLANG_WARN_UNREACHABLE_CODE = YES;
				CLANG_WARN__DUPLICATE_METHOD_MATCH = YES;
				COPY_PHASE_STRIP = NO;
				DEBUG_INFORMATION_FORMAT = "dwarf-with-dsym";
				ENABLE_NS_ASSERTIONS = NO;
				ENABLE_STRICT_OBJC_MSGSEND = YES;
				GCC_C_LANGUAGE_STANDARD = gnu11;
				GCC_NO_COMMON_BLOCKS = YES;
				GCC_WARN_64_TO_32_BIT_CONVERSION = YES;
				GCC_WARN_ABOUT_RETURN_TYPE = YES_ERROR;
				GCC_WARN_UNDECLARED_SELECTOR = YES;
				GCC_WARN_UNINITIALIZED_AUTOS = YES_AGGRESSIVE;
				GCC_WARN_UNUSED_FUNCTION = YES;
				GCC_WARN_UNUSED_VARIABLE = YES;
				IPHONEOS_DEPLOYMENT_TARGET = 15.0;
				MTL_ENABLE_DEBUG_INFO = NO;
				MTL_FAST_MATH = YES;
				SDKROOT = iphoneos;
				SWIFT_COMPILATION_MODE = wholemodule;
				SWIFT_OPTIMIZATION_LEVEL = "-O";
				VALIDATE_PRODUCT = YES;
			};
			name = Release;
		};
		157F24CD279819860092EBCC /* Debug */ = {
			isa = XCBuildConfiguration;
			buildSettings = {
				ASSETCATALOG_COMPILER_APPICON_NAME = AppIcon;
				ASSETCATALOG_COMPILER_GLOBAL_ACCENT_COLOR_NAME = AccentColor;
				CODE_SIGN_STYLE = Automatic;
				CURRENT_PROJECT_VERSION = 1;
				DEVELOPMENT_ASSET_PATHS = "\"Songs/Preview Content\"";
				DEVELOPMENT_TEAM = N99G5ZJN8Y;
				ENABLE_PREVIEWS = YES;
				GENERATE_INFOPLIST_FILE = YES;
				INFOPLIST_KEY_UIApplicationSceneManifest_Generation = YES;
				INFOPLIST_KEY_UIApplicationSupportsIndirectInputEvents = YES;
				INFOPLIST_KEY_UILaunchScreen_Generation = YES;
				INFOPLIST_KEY_UISupportedInterfaceOrientations = UIInterfaceOrientationPortrait;
				INFOPLIST_KEY_UISupportedInterfaceOrientations_iPad = "UIInterfaceOrientationPortrait UIInterfaceOrientationPortraitUpsideDown UIInterfaceOrientationLandscapeLeft UIInterfaceOrientationLandscapeRight";
				INFOPLIST_KEY_UISupportedInterfaceOrientations_iPhone = "UIInterfaceOrientationPortrait UIInterfaceOrientationLandscapeLeft UIInterfaceOrientationLandscapeRight";
				LD_RUNPATH_SEARCH_PATHS = (
					"$(inherited)",
					"@executable_path/Frameworks",
				);
				MARKETING_VERSION = 1.0;
				PRODUCT_BUNDLE_IDENTIFIER = "fr.clement-dudit.Songs";
				PRODUCT_NAME = "$(TARGET_NAME)";
				SWIFT_EMIT_LOC_STRINGS = YES;
				SWIFT_VERSION = 5.0;
				TARGETED_DEVICE_FAMILY = 1;
			};
			name = Debug;
		};
		157F24CE279819860092EBCC /* Release */ = {
			isa = XCBuildConfiguration;
			buildSettings = {
				ASSETCATALOG_COMPILER_APPICON_NAME = AppIcon;
				ASSETCATALOG_COMPILER_GLOBAL_ACCENT_COLOR_NAME = AccentColor;
				CODE_SIGN_STYLE = Automatic;
				CURRENT_PROJECT_VERSION = 1;
				DEVELOPMENT_ASSET_PATHS = "\"Songs/Preview Content\"";
				DEVELOPMENT_TEAM = N99G5ZJN8Y;
				ENABLE_PREVIEWS = YES;
				GENERATE_INFOPLIST_FILE = YES;
				INFOPLIST_KEY_UIApplicationSceneManifest_Generation = YES;
				INFOPLIST_KEY_UIApplicationSupportsIndirectInputEvents = YES;
				INFOPLIST_KEY_UILaunchScreen_Generation = YES;
				INFOPLIST_KEY_UISupportedInterfaceOrientations = UIInterfaceOrientationPortrait;
				INFOPLIST_KEY_UISupportedInterfaceOrientations_iPad = "UIInterfaceOrientationPortrait UIInterfaceOrientationPortraitUpsideDown UIInterfaceOrientationLandscapeLeft UIInterfaceOrientationLandscapeRight";
				INFOPLIST_KEY_UISupportedInterfaceOrientations_iPhone = "UIInterfaceOrientationPortrait UIInterfaceOrientationLandscapeLeft UIInterfaceOrientationLandscapeRight";
				LD_RUNPATH_SEARCH_PATHS = (
					"$(inherited)",
					"@executable_path/Frameworks",
				);
				MARKETING_VERSION = 1.0;
				PRODUCT_BUNDLE_IDENTIFIER = "fr.clement-dudit.Songs";
				PRODUCT_NAME = "$(TARGET_NAME)";
				SWIFT_EMIT_LOC_STRINGS = YES;
				SWIFT_VERSION = 5.0;
				TARGETED_DEVICE_FAMILY = 1;
			};
			name = Release;
		};
/* End XCBuildConfiguration section */

/* Begin XCConfigurationList section */
		157F24B4279819830092EBCC /* Build configuration list for PBXProject "Songs" */ = {
			isa = XCConfigurationList;
			buildConfigurations = (
				157F24CA279819860092EBCC /* Debug */,
				157F24CB279819860092EBCC /* Release */,
			);
			defaultConfigurationIsVisible = 0;
			defaultConfigurationName = Release;
		};
		157F24CC279819860092EBCC /* Build configuration list for PBXNativeTarget "Songs" */ = {
			isa = XCConfigurationList;
			buildConfigurations = (
				157F24CD279819860092EBCC /* Debug */,
				157F24CE279819860092EBCC /* Release */,
			);
			defaultConfigurationIsVisible = 0;
			defaultConfigurationName = Release;
		};
/* End XCConfigurationList section */

/* Begin XCVersionGroup section */
		153FA091279821180087D6F9 /* Songs.xcdatamodeld */ = {
			isa = XCVersionGroup;
			children = (
				153FA092279821180087D6F9 /* Songs.xcdatamodel */,
			);
			currentVersion = 153FA092279821180087D6F9 /* Songs.xcdatamodel */;
			path = Songs.xcdatamodeld;
			sourceTree = "<group>";
			versionGroupType = wrapper.xcdatamodel;
		};
/* End XCVersionGroup section */
	};
	rootObject = 157F24B1279819830092EBCC /* Project object */;
}
